
Microsoft Visual Studio Solution File, Format Version 12.00
# Visual Studio 15
VisualStudioVersion = 15.0.27130.2027
MinimumVisualStudioVersion = 10.0.40219.1
Project("{8BC9CEB8-8B4A-11D0-8D11-00A0C91BC942}") = "Ejercicio_3.12", "Ejercicio_3.12\Ejercicio_3.12.vcxproj", "{18FAADF7-862E-4B4C-A19E-687536B758AE}"
EndProject
Project("{8BC9CEB8-8B4A-11D0-8D11-00A0C91BC942}") = "Ejercicio_3.13", "Ejercicio_3.13\Ejercicio_3.13.vcxproj", "{C8F4BB7D-5F21-4F29-9426-90E137E17A2E}"
EndProject
Project("{8BC9CEB8-8B4A-11D0-8D11-00A0C91BC942}") = "Ejercicio_3.15", "Ejercicio_3.15\Ejercicio_3.15.vcxproj", "{2BA435FE-3F71-499C-9916-409C8016868F}"
EndProject
Project("{8BC9CEB8-8B4A-11D0-8D11-00A0C91BC942}") = "Ejercicio_11.9", "Ejercicio_11.9\Ejercicio_11.9.vcxproj", "{7F3DF877-7461-461E-9F5C-39886A625A39}"
EndProject
Global
	GlobalSection(SolutionConfigurationPlatforms) = preSolution
		Debug|x64 = Debug|x64
		Debug|x86 = Debug|x86
		Release|x64 = Release|x64
		Release|x86 = Release|x86
	EndGlobalSection
	GlobalSection(ProjectConfigurationPlatforms) = postSolution
		{18FAADF7-862E-4B4C-A19E-687536B758AE}.Debug|x64.ActiveCfg = Debug|x64
		{18FAADF7-862E-4B4C-A19E-687536B758AE}.Debug|x64.Build.0 = Debug|x64
		{18FAADF7-862E-4B4C-A19E-687536B758AE}.Debug|x86.ActiveCfg = Debug|Win32
		{18FAADF7-862E-4B4C-A19E-687536B758AE}.Debug|x86.Build.0 = Debug|Win32
		{18FAADF7-862E-4B4C-A19E-687536B758AE}.Release|x64.ActiveCfg = Release|x64
		{18FAADF7-862E-4B4C-A19E-687536B758AE}.Release|x64.Build.0 = Release|x64
		{18FAADF7-862E-4B4C-A19E-687536B758AE}.Release|x86.ActiveCfg = Release|Win32
		{18FAADF7-862E-4B4C-A19E-687536B758AE}.Release|x86.Build.0 = Release|Win32
		{C8F4BB7D-5F21-4F29-9426-90E137E17A2E}.Debug|x64.ActiveCfg = Debug|x64
		{C8F4BB7D-5F21-4F29-9426-90E137E17A2E}.Debug|x64.Build.0 = Debug|x64
		{C8F4BB7D-5F21-4F29-9426-90E137E17A2E}.Debug|x86.ActiveCfg = Debug|Win32
		{C8F4BB7D-5F21-4F29-9426-90E137E17A2E}.Debug|x86.Build.0 = Debug|Win32
		{C8F4BB7D-5F21-4F29-9426-90E137E17A2E}.Release|x64.ActiveCfg = Release|x64
		{C8F4BB7D-5F21-4F29-9426-90E137E17A2E}.Release|x64.Build.0 = Release|x64
		{C8F4BB7D-5F21-4F29-9426-90E137E17A2E}.Release|x86.ActiveCfg = Release|Win32
		{C8F4BB7D-5F21-4F29-9426-90E137E17A2E}.Release|x86.Build.0 = Release|Win32
		{2BA435FE-3F71-499C-9916-409C8016868F}.Debug|x64.ActiveCfg = Debug|x64
		{2BA435FE-3F71-499C-9916-409C8016868F}.Debug|x64.Build.0 = Debug|x64
		{2BA435FE-3F71-499C-9916-409C8016868F}.Debug|x86.ActiveCfg = Debug|Win32
		{2BA435FE-3F71-499C-9916-409C8016868F}.Debug|x86.Build.0 = Debug|Win32
		{2BA435FE-3F71-499C-9916-409C8016868F}.Release|x64.ActiveCfg = Release|x64
		{2BA435FE-3F71-499C-9916-409C8016868F}.Release|x64.Build.0 = Release|x64
		{2BA435FE-3F71-499C-9916-409C8016868F}.Release|x86.ActiveCfg = Release|Win32
		{2BA435FE-3F71-499C-9916-409C8016868F}.Release|x86.Build.0 = Release|Win32
		{7F3DF877-7461-461E-9F5C-39886A625A39}.Debug|x64.ActiveCfg = Debug|x64
		{7F3DF877-7461-461E-9F5C-39886A625A39}.Debug|x64.Build.0 = Debug|x64
		{7F3DF877-7461-461E-9F5C-39886A625A39}.Debug|x86.ActiveCfg = Debug|Win32
		{7F3DF877-7461-461E-9F5C-39886A625A39}.Debug|x86.Build.0 = Debug|Win32
		{7F3DF877-7461-461E-9F5C-39886A625A39}.Release|x64.ActiveCfg = Release|x64
		{7F3DF877-7461-461E-9F5C-39886A625A39}.Release|x64.Build.0 = Release|x64
		{7F3DF877-7461-461E-9F5C-39886A625A39}.Release|x86.ActiveCfg = Release|Win32
		{7F3DF877-7461-461E-9F5C-39886A625A39}.Release|x86.Build.0 = Release|Win32
	EndGlobalSection
	GlobalSection(SolutionProperties) = preSolution
		HideSolutionNode = FALSE
	EndGlobalSection
	GlobalSection(ExtensibilityGlobals) = postSolution
		SolutionGuid = {67F945B5-0D34-436E-806E-2660DD8728BB}
	EndGlobalSection
EndGlobal
